
Microsoft Visual Studio Solution File, Format Version 12.00
# Visual Studio 15
VisualStudioVersion = 15.0.27004.2006
MinimumVisualStudioVersion = 15.0.26124.0
Project("{2150E333-8FDC-42A3-9474-1A3956D46DE8}") = "Solution Items", "Solution Items", "{0680DE97-8EB4-4B26-9C32-CF7FB16B5D42}"
	ProjectSection(SolutionItems) = preProject
		.gitattributes = .gitattributes
		.gitignore = .gitignore
		Directory.Build.props = Directory.Build.props
	EndProjectSection
EndProject
Project("{8BC9CEB8-8B4A-11D0-8D11-00A0C91BC942}") = "Common", "Source\Common\Common65.vcxproj", "{B4A4B994-9111-42B1-93C2-6F1CA8BC4421}"
EndProject
Project("{2150E333-8FDC-42A3-9474-1A3956D46DE8}") = "PropertySheets", "PropertySheets", "{2AB90A70-49C0-49E7-97F7-742CEFD5D7C4}"
	ProjectSection(SolutionItems) = preProject
		Source\PropertySheets\Debug.props = Source\PropertySheets\Debug.props
		Source\PropertySheets\Default.props = Source\PropertySheets\Default.props
		Source\PropertySheets\Release.props = Source\PropertySheets\Release.props
		Source\PropertySheets\StaticLibrary.props = Source\PropertySheets\StaticLibrary.props
		Source\PropertySheets\Win32.props = Source\PropertySheets\Win32.props
		Source\PropertySheets\x64.props = Source\PropertySheets\x64.props
	EndProjectSection
EndProject
Project("{8BC9CEB8-8B4A-11D0-8D11-00A0C91BC942}") = "7zip", "Source\3rdParty\7zip\7zip65.vcxproj", "{3326E128-33AF-422C-BB7C-67CC6B915610}"
EndProject
Global
	GlobalSection(SolutionConfigurationPlatforms) = preSolution
		Debug|x64 = Debug|x64
		Debug|x86 = Debug|x86
		Release|x64 = Release|x64
		Release|x86 = Release|x86
	EndGlobalSection
	GlobalSection(ProjectConfigurationPlatforms) = postSolution
		{B4A4B994-9111-42B1-93C2-6F1CA8BC4421}.Debug|x64.ActiveCfg = Debug|x64
		{B4A4B994-9111-42B1-93C2-6F1CA8BC4421}.Debug|x64.Build.0 = Debug|x64
		{B4A4B994-9111-42B1-93C2-6F1CA8BC4421}.Debug|x86.ActiveCfg = Debug|Win32
		{B4A4B994-9111-42B1-93C2-6F1CA8BC4421}.Debug|x86.Build.0 = Debug|Win32
		{B4A4B994-9111-42B1-93C2-6F1CA8BC4421}.Release|x64.ActiveCfg = Release|x64
		{B4A4B994-9111-42B1-93C2-6F1CA8BC4421}.Release|x64.Build.0 = Release|x64
		{B4A4B994-9111-42B1-93C2-6F1CA8BC4421}.Release|x86.ActiveCfg = Release|Win32
		{B4A4B994-9111-42B1-93C2-6F1CA8BC4421}.Release|x86.Build.0 = Release|Win32
		{3326E128-33AF-422C-BB7C-67CC6B915610}.Debug|x64.ActiveCfg = Debug|x64
		{3326E128-33AF-422C-BB7C-67CC6B915610}.Debug|x64.Build.0 = Debug|x64
		{3326E128-33AF-422C-BB7C-67CC6B915610}.Debug|x86.ActiveCfg = Debug|Win32
		{3326E128-33AF-422C-BB7C-67CC6B915610}.Debug|x86.Build.0 = Debug|Win32
		{3326E128-33AF-422C-BB7C-67CC6B915610}.Release|x64.ActiveCfg = Release|x64
		{3326E128-33AF-422C-BB7C-67CC6B915610}.Release|x64.Build.0 = Release|x64
		{3326E128-33AF-422C-BB7C-67CC6B915610}.Release|x86.ActiveCfg = Release|Win32
		{3326E128-33AF-422C-BB7C-67CC6B915610}.Release|x86.Build.0 = Release|Win32
	EndGlobalSection
	GlobalSection(SolutionProperties) = preSolution
		HideSolutionNode = FALSE
	EndGlobalSection
	GlobalSection(ExtensibilityGlobals) = postSolution
		SolutionGuid = {5BBF96A3-BD43-49D8-86A8-A442C3CB7661}
	EndGlobalSection
EndGlobal
